{
  "name": "vvvv",
  "version": "1.0.0",
  "lockfileVersion": 1,
  "requires": true,
  "dependencies": {
    "expose-loader": {
      "version": "0.7.5",
      "resolved": "https://registry.npmjs.org/expose-loader/-/expose-loader-0.7.5.tgz",
      "integrity": "sha512-iPowgKUZkTPX5PznYsmifVj9Bob0w2wTHVkt/eYNPSzyebkUgIedmskf/kcfEIWpiWjg3JRjnW+a17XypySMuw==",
      "dev": true
    },
    "jquery": {
      "version": "3.3.1",
      "resolved": "https://registry.npmjs.org/jquery/-/jquery-3.3.1.tgz",
      "integrity": "sha512-Ubldcmxp5np52/ENotGxlLe6aGMvmF4R8S6tZjsP6Knsaxd/xp3Zrh50cG93lR6nPXyUFwzN3ZSOQI0wRJNdGg=="
    },
    "jquery.js": {
      "version": "0.0.2-security",
      "resolved": "https://registry.npmjs.org/jquery.js/-/jquery.js-0.0.2-security.tgz",
      "integrity": "sha512-ezUV4Jx39k9jyZjKQEkvno0JDSICSixlXEEJP7QlH2g0FS+nPinvunuI2sWHTikXq6fr44JOgEnCAIsfLZufcg=="
    }
  }
}
